// !$*UTF8*$!
{
	archiveVersion = 1;
	classes = {
	};
	objectVersion = 56;
	objects = {

/* Begin PBXBuildFile section */
		6252023B29EE828900EC4808 /* NoteViewController.swift in Sources */ = {isa = PBXBuildFile; fileRef = 6252023A29EE828900EC4808 /* NoteViewController.swift */; };
		6252024229EE9C1C00EC4808 /* NoteCell.xib in Resources */ = {isa = PBXBuildFile; fileRef = 6252024129EE9C1C00EC4808 /* NoteCell.xib */; };
		6252024429EEA4CC00EC4808 /* NoteCell.swift in Sources */ = {isa = PBXBuildFile; fileRef = 6252024329EEA4CC00EC4808 /* NoteCell.swift */; };
		62C59A8C29EDC88600BCE47E /* AppDelegate.swift in Sources */ = {isa = PBXBuildFile; fileRef = 62C59A8B29EDC88600BCE47E /* AppDelegate.swift */; };
		62C59A8E29EDC88600BCE47E /* SceneDelegate.swift in Sources */ = {isa = PBXBuildFile; fileRef = 62C59A8D29EDC88600BCE47E /* SceneDelegate.swift */; };
		62C59A9029EDC88700BCE47E /* PreviewController.swift in Sources */ = {isa = PBXBuildFile; fileRef = 62C59A8F29EDC88700BCE47E /* PreviewController.swift */; };
		62C59A9329EDC88700BCE47E /* Main.storyboard in Resources */ = {isa = PBXBuildFile; fileRef = 62C59A9129EDC88700BCE47E /* Main.storyboard */; };
		62C59A9629EDC88700BCE47E /* Notepad.xcdatamodeld in Sources */ = {isa = PBXBuildFile; fileRef = 62C59A9429EDC88700BCE47E /* Notepad.xcdatamodeld */; };
		62C59A9829EDC88700BCE47E /* Assets.xcassets in Resources */ = {isa = PBXBuildFile; fileRef = 62C59A9729EDC88700BCE47E /* Assets.xcassets */; };
		62C59A9B29EDC88700BCE47E /* LaunchScreen.storyboard in Resources */ = {isa = PBXBuildFile; fileRef = 62C59A9929EDC88700BCE47E /* LaunchScreen.storyboard */; };
/* End PBXBuildFile section */

/* Begin PBXFileReference section */
		6252023A29EE828900EC4808 /* NoteViewController.swift */ = {isa = PBXFileReference; lastKnownFileType = sourcecode.swift; path = NoteViewController.swift; sourceTree = "<group>"; };
		6252024129EE9C1C00EC4808 /* NoteCell.xib */ = {isa = PBXFileReference; lastKnownFileType = file.xib; path = NoteCell.xib; sourceTree = "<group>"; };
		6252024329EEA4CC00EC4808 /* NoteCell.swift */ = {isa = PBXFileReference; lastKnownFileType = sourcecode.swift; path = NoteCell.swift; sourceTree = "<group>"; };
		62C59A8829EDC88600BCE47E /* Notepad.app */ = {isa = PBXFileReference; explicitFileType = wrapper.application; includeInIndex = 0; path = Notepad.app; sourceTree = BUILT_PRODUCTS_DIR; };
		62C59A8B29EDC88600BCE47E /* AppDelegate.swift */ = {isa = PBXFileReference; lastKnownFileType = sourcecode.swift; path = AppDelegate.swift; sourceTree = "<group>"; };
		62C59A8D29EDC88600BCE47E /* SceneDelegate.swift */ = {isa = PBXFileReference; lastKnownFileType = sourcecode.swift; path = SceneDelegate.swift; sourceTree = "<group>"; };
		62C59A8F29EDC88700BCE47E /* PreviewController.swift */ = {isa = PBXFileReference; lastKnownFileType = sourcecode.swift; path = PreviewController.swift; sourceTree = "<group>"; };
		62C59A9229EDC88700BCE47E /* Base */ = {isa = PBXFileReference; lastKnownFileType = file.storyboard; name = Base; path = Base.lproj/Main.storyboard; sourceTree = "<group>"; };
		62C59A9529EDC88700BCE47E /* Notepad.xcdatamodel */ = {isa = PBXFileReference; lastKnownFileType = wrapper.xcdatamodel; path = Notepad.xcdatamodel; sourceTree = "<group>"; };
		62C59A9729EDC88700BCE47E /* Assets.xcassets */ = {isa = PBXFileReference; lastKnownFileType = folder.assetcatalog; path = Assets.xcassets; sourceTree = "<group>"; };
		62C59A9A29EDC88700BCE47E /* Base */ = {isa = PBXFileReference; lastKnownFileType = file.storyboard; name = Base; path = Base.lproj/LaunchScreen.storyboard; sourceTree = "<group>"; };
		62C59A9C29EDC88700BCE47E /* Info.plist */ = {isa = PBXFileReference; lastKnownFileType = text.plist.xml; path = Info.plist; sourceTree = "<group>"; };
/* End PBXFileReference section */

/* Begin PBXFrameworksBuildPhase section */
		62C59A8529EDC88600BCE47E /* Frameworks */ = {
			isa = PBXFrameworksBuildPhase;
			buildActionMask = 2147483647;
			files = (
			);
			runOnlyForDeploymentPostprocessing = 0;
		};
/* End PBXFrameworksBuildPhase section */

/* Begin PBXGroup section */
		6252023829EE824100EC4808 /* View */ = {
			isa = PBXGroup;
			children = (
				62C59A9129EDC88700BCE47E /* Main.storyboard */,
				6252024129EE9C1C00EC4808 /* NoteCell.xib */,
				6252024329EEA4CC00EC4808 /* NoteCell.swift */,
			);
			path = View;
			sourceTree = "<group>";
		};
		6252023929EE824C00EC4808 /* Controller */ = {
			isa = PBXGroup;
			children = (
				62C59A8F29EDC88700BCE47E /* PreviewController.swift */,
				6252023A29EE828900EC4808 /* NoteViewController.swift */,
			);
			path = Controller;
			sourceTree = "<group>";
		};
		62C59A7F29EDC88600BCE47E = {
			isa = PBXGroup;
			children = (
				62C59A8A29EDC88600BCE47E /* Notepad */,
				62C59A8929EDC88600BCE47E /* Products */,
			);
			sourceTree = "<group>";
		};
		62C59A8929EDC88600BCE47E /* Products */ = {
			isa = PBXGroup;
			children = (
				62C59A8829EDC88600BCE47E /* Notepad.app */,
			);
			name = Products;
			sourceTree = "<group>";
		};
		62C59A8A29EDC88600BCE47E /* Notepad */ = {
			isa = PBXGroup;
			children = (
				62C59A8B29EDC88600BCE47E /* AppDelegate.swift */,
				62C59A8D29EDC88600BCE47E /* SceneDelegate.swift */,
				6252023929EE824C00EC4808 /* Controller */,
				6252023829EE824100EC4808 /* View */,
				62C59A9729EDC88700BCE47E /* Assets.xcassets */,
				62C59A9929EDC88700BCE47E /* LaunchScreen.storyboard */,
				62C59A9C29EDC88700BCE47E /* Info.plist */,
				62C59A9429EDC88700BCE47E /* Notepad.xcdatamodeld */,
			);
			path = Notepad;
			sourceTree = "<group>";
		};
/* End PBXGroup section */

/* Begin PBXNativeTarget section */
		62C59A8729EDC88600BCE47E /* Notepad */ = {
			isa = PBXNativeTarget;
			buildConfigurationList = 62C59A9F29EDC88700BCE47E /* Build configuration list for PBXNativeTarget "Notepad" */;
			buildPhases = (
				62C59A8429EDC88600BCE47E /* Sources */,
				62C59A8529EDC88600BCE47E /* Frameworks */,
				62C59A8629EDC88600BCE47E /* Resources */,
			);
			buildRules = (
			);
			dependencies = (
			);
			name = Notepad;
			productName = Notepad;
			productReference = 62C59A8829EDC88600BCE47E /* Notepad.app */;
			productType = "com.apple.product-type.application";
		};
/* End PBXNativeTarget section */

/* Begin PBXProject section */
		62C59A8029EDC88600BCE47E /* Project object */ = {
			isa = PBXProject;
			attributes = {
				BuildIndependentTargetsInParallel = 1;
				LastSwiftUpdateCheck = 1430;
				LastUpgradeCheck = 1430;
				TargetAttributes = {
					62C59A8729EDC88600BCE47E = {
						CreatedOnToolsVersion = 14.3;
					};
				};
			};
			buildConfigurationList = 62C59A8329EDC88600BCE47E /* Build configuration list for PBXProject "Notepad" */;
			compatibilityVersion = "Xcode 14.0";
			developmentRegion = en;
			hasScannedForEncodings = 0;
			knownRegions = (
				en,
				Base,
			);
			mainGroup = 62C59A7F29EDC88600BCE47E;
			productRefGroup = 62C59A8929EDC88600BCE47E /* Products */;
			projectDirPath = "";
			projectRoot = "";
			targets = (
				62C59A8729EDC88600BCE47E /* Notepad */,
			);
		};
/* End PBXProject section */

/* Begin PBXResourcesBuildPhase section */
		62C59A8629EDC88600BCE47E /* Resources */ = {
			isa = PBXResourcesBuildPhase;
			buildActionMask = 2147483647;
			files = (
				62C59A9B29EDC88700BCE47E /* LaunchScreen.storyboard in Resources */,
				62C59A9829EDC88700BCE47E /* Assets.xcassets in Resources */,
				62C59A9329EDC88700BCE47E /* Main.storyboard in Resources */,
				6252024229EE9C1C00EC4808 /* NoteCell.xib in Resources */,
			);
			runOnlyForDeploymentPostprocessing = 0;
		};
/* End PBXResourcesBuildPhase section */

/* Begin PBXSourcesBuildPhase section */
		62C59A8429EDC88600BCE47E /* Sources */ = {
			isa = PBXSourcesBuildPhase;
			buildActionMask = 2147483647;
			files = (
				62C59A9029EDC88700BCE47E /* PreviewController.swift in Sources */,
				62C59A8C29EDC88600BCE47E /* AppDelegate.swift in Sources */,
				62C59A8E29EDC88600BCE47E /* SceneDelegate.swift in Sources */,
				6252024429EEA4CC00EC4808 /* NoteCell.swift in Sources */,
				6252023B29EE828900EC4808 /* NoteViewController.swift in Sources */,
				62C59A9629EDC88700BCE47E /* Notepad.xcdatamodeld in Sources */,
			);
			runOnlyForDeploymentPostprocessing = 0;
		};
/* End PBXSourcesBuildPhase section */

/* Begin PBXVariantGroup section */
		62C59A9129EDC88700BCE47E /* Main.storyboard */ = {
			isa = PBXVariantGroup;
			children = (
				62C59A9229EDC88700BCE47E /* Base */,
			);
			name = Main.storyboard;
			sourceTree = "<group>";
		};
		62C59A9929EDC88700BCE47E /* LaunchScreen.storyboard */ = {
			isa = PBXVariantGroup;
			children = (
				62C59A9A29EDC88700BCE47E /* Base */,
			);
			name = LaunchScreen.storyboard;
			sourceTree = "<group>";
		};
/* End PBXVariantGroup section */

/* Begin XCBuildConfiguration section */
		62C59A9D29EDC88700BCE47E /* Debug */ = {
			isa = XCBuildConfiguration;
			buildSettings = {
				ALWAYS_SEARCH_USER_PATHS = NO;
				CLANG_ANALYZER_NONNULL = YES;
				CLANG_ANALYZER_NUMBER_OBJECT_CONVERSION = YES_AGGRESSIVE;
				CLANG_CXX_LANGUAGE_STANDARD = "gnu++20";
				CLANG_ENABLE_MODULES = YES;
				CLANG_ENABLE_OBJC_ARC = YES;
				CLANG_ENABLE_OBJC_WEAK = YES;
				CLANG_WARN_BLOCK_CAPTURE_AUTORELEASING = YES;
				CLANG_WARN_BOOL_CONVERSION = YES;
				CLANG_WARN_COMMA = YES;
				CLANG_WARN_CONSTANT_CONVERSION = YES;
				CLANG_WARN_DEPRECATED_OBJC_IMPLEMENTATIONS = YES;
				CLANG_WARN_DIRECT_OBJC_ISA_USAGE = YES_ERROR;
				CLANG_WARN_DOCUMENTATION_COMMENTS = YES;
				CLANG_WARN_EMPTY_BODY = YES;
				CLANG_WARN_ENUM_CONVERSION = YES;
				CLANG_WARN_INFINITE_RECURSION = YES;
				CLANG_WARN_INT_CONVERSION = YES;
				CLANG_WARN_NON_LITERAL_NULL_CONVERSION = YES;
				CLANG_WARN_OBJC_IMPLICIT_RETAIN_SELF = YES;
				CLANG_WARN_OBJC_LITERAL_CONVERSION = YES;
				CLANG_WARN_OBJC_ROOT_CLASS = YES_ERROR;
				CLANG_WARN_QUOTED_INCLUDE_IN_FRAMEWORK_HEADER = YES;
				CLANG_WARN_RANGE_LOOP_ANALYSIS = YES;
				CLANG_WARN_STRICT_PROTOTYPES = YES;
				CLANG_WARN_SUSPICIOUS_MOVE = YES;
				CLANG_WARN_UNGUARDED_AVAILABILITY = YES_AGGRESSIVE;
				CLANG_WARN_UNREACHABLE_CODE = YES;
				CLANG_WARN__DUPLICATE_METHOD_MATCH = YES;
				COPY_PHASE_STRIP = NO;
				DEBUG_INFORMATION_FORMAT = dwarf;
				ENABLE_STRICT_OBJC_MSGSEND = YES;
				ENABLE_TESTABILITY = YES;
				GCC_C_LANGUAGE_STANDARD = gnu11;
				GCC_DYNAMIC_NO_PIC = NO;
				GCC_NO_COMMON_BLOCKS = YES;
				GCC_OPTIMIZATION_LEVEL = 0;
				GCC_PREPROCESSOR_DEFINITIONS = (
					"DEBUG=1",
					"$(inherited)",
				);
				GCC_WARN_64_TO_32_BIT_CONVERSION = YES;
				GCC_WARN_ABOUT_RETURN_TYPE = YES_ERROR;
				GCC_WARN_UNDECLARED_SELECTOR = YES;
				GCC_WARN_UNINITIALIZED_AUTOS = YES_AGGRESSIVE;
				GCC_WARN_UNUSED_FUNCTION = YES;
				GCC_WARN_UNUSED_VARIABLE = YES;
				IPHONEOS_DEPLOYMENT_TARGET = 16.4;
				MTL_ENABLE_DEBUG_INFO = INCLUDE_SOURCE;
				MTL_FAST_MATH = YES;
				ONLY_ACTIVE_ARCH = YES;
				SDKROOT = iphoneos;
				SWIFT_ACTIVE_COMPILATION_CONDITIONS = DEBUG;
				SWIFT_OPTIMIZATION_LEVEL = "-Onone";
			};
			name = Debug;
		};
		62C59A9E29EDC88700BCE47E /* Release */ = {
			isa = XCBuildConfiguration;
			buildSettings = {
				ALWAYS_SEARCH_USER_PATHS = NO;
				CLANG_ANALYZER_NONNULL = YES;
				CLANG_ANALYZER_NUMBER_OBJECT_CONVERSION = YES_AGGRESSIVE;
				CLANG_CXX_LANGUAGE_STANDARD = "gnu++20";
				CLANG_ENABLE_MODULES = YES;
				CLANG_ENABLE_OBJC_ARC = YES;
				CLANG_ENABLE_OBJC_WEAK = YES;
				CLANG_WARN_BLOCK_CAPTURE_AUTORELEASING = YES;
				CLANG_WARN_BOOL_CONVERSION = YES;
				CLANG_WARN_COMMA = YES;
				CLANG_WARN_CONSTANT_CONVERSION = YES;
				CLANG_WARN_DEPRECATED_OBJC_IMPLEMENTATIONS = YES;
				CLANG_WARN_DIRECT_OBJC_ISA_USAGE = YES_ERROR;
				CLANG_WARN_DOCUMENTATION_COMMENTS = YES;
				CLANG_WARN_EMPTY_BODY = YES;
				CLANG_WARN_ENUM_CONVERSION = YES;
				CLANG_WARN_INFINITE_RECURSION = YES;
				CLANG_WARN_INT_CONVERSION = YES;
				CLANG_WARN_NON_LITERAL_NULL_CONVERSION = YES;
				CLANG_WARN_OBJC_IMPLICIT_RETAIN_SELF = YES;
				CLANG_WARN_OBJC_LITERAL_CONVERSION = YES;
				CLANG_WARN_OBJC_ROOT_CLASS = YES_ERROR;
				CLANG_WARN_QUOTED_INCLUDE_IN_FRAMEWORK_HEADER = YES;
				CLANG_WARN_RANGE_LOOP_ANALYSIS = YES;
				CLANG_WARN_STRICT_PROTOTYPES = YES;
				CLANG_WARN_SUSPICIOUS_MOVE = YES;
				CLANG_WARN_UNGUARDED_AVAILABILITY = YES_AGGRESSIVE;
				CLANG_WARN_UNREACHABLE_CODE = YES;
				CLANG_WARN__DUPLICATE_METHOD_MATCH = YES;
				COPY_PHASE_STRIP = NO;
				DEBUG_INFORMATION_FORMAT = "dwarf-with-dsym";
				ENABLE_NS_ASSERTIONS = NO;
				ENABLE_STRICT_OBJC_MSGSEND = YES;
				GCC_C_LANGUAGE_STANDARD = gnu11;
				GCC_NO_COMMON_BLOCKS = YES;
				GCC_WARN_64_TO_32_BIT_CONVERSION = YES;
				GCC_WARN_ABOUT_RETURN_TYPE = YES_ERROR;
				GCC_WARN_UNDECLARED_SELECTOR = YES;
				GCC_WARN_UNINITIALIZED_AUTOS = YES_AGGRESSIVE;
				GCC_WARN_UNUSED_FUNCTION = YES;
				GCC_WARN_UNUSED_VARIABLE = YES;
				IPHONEOS_DEPLOYMENT_TARGET = 16.4;
				MTL_ENABLE_DEBUG_INFO = NO;
				MTL_FAST_MATH = YES;
				SDKROOT = iphoneos;
				SWIFT_COMPILATION_MODE = wholemodule;
				SWIFT_OPTIMIZATION_LEVEL = "-O";
				VALIDATE_PRODUCT = YES;
			};
			name = Release;
		};
		62C59AA029EDC88700BCE47E /* Debug */ = {
			isa = XCBuildConfiguration;
			buildSettings = {
				ASSETCATALOG_COMPILER_APPICON_NAME = AppIcon;
				ASSETCATALOG_COMPILER_GLOBAL_ACCENT_COLOR_NAME = AccentColor;
				CODE_SIGN_STYLE = Automatic;
				CURRENT_PROJECT_VERSION = 1;
				DEVELOPMENT_TEAM = ULSAGG35TJ;
				GENERATE_INFOPLIST_FILE = YES;
				INFOPLIST_FILE = Notepad/Info.plist;
				INFOPLIST_KEY_UIApplicationSupportsIndirectInputEvents = YES;
				INFOPLIST_KEY_UILaunchStoryboardName = LaunchScreen;
				INFOPLIST_KEY_UIMainStoryboardFile = Main;
				INFOPLIST_KEY_UISupportedInterfaceOrientations_iPad = "UIInterfaceOrientationPortrait UIInterfaceOrientationPortraitUpsideDown UIInterfaceOrientationLandscapeLeft UIInterfaceOrientationLandscapeRight";
				INFOPLIST_KEY_UISupportedInterfaceOrientations_iPhone = "UIInterfaceOrientationPortrait UIInterfaceOrientationLandscapeLeft UIInterfaceOrientationLandscapeRight";
				LD_RUNPATH_SEARCH_PATHS = (
					"$(inherited)",
					"@executable_path/Frameworks",
				);
				MARKETING_VERSION = 1.0;
				PRODUCT_BUNDLE_IDENTIFIER = com.halsdraiher.Notepad;
				PRODUCT_NAME = "$(TARGET_NAME)";
				SWIFT_EMIT_LOC_STRINGS = YES;
				SWIFT_VERSION = 5.0;
				TARGETED_DEVICE_FAMILY = "1,2";
			};
			name = Debug;
		};
		62C59AA129EDC88700BCE47E /* Release */ = {
			isa = XCBuildConfiguration;
			buildSettings = {
				ASSETCATALOG_COMPILER_APPICON_NAME = AppIcon;
				ASSETCATALOG_COMPILER_GLOBAL_ACCENT_COLOR_NAME = AccentColor;
				CODE_SIGN_STYLE = Automatic;
				CURRENT_PROJECT_VERSION = 1;
				DEVELOPMENT_TEAM = ULSAGG35TJ;
				GENERATE_INFOPLIST_FILE = YES;
				INFOPLIST_FILE = Notepad/Info.plist;
				INFOPLIST_KEY_UIApplicationSupportsIndirectInputEvents = YES;
				INFOPLIST_KEY_UILaunchStoryboardName = LaunchScreen;
				INFOPLIST_KEY_UIMainStoryboardFile = Main;
				INFOPLIST_KEY_UISupportedInterfaceOrientations_iPad = "UIInterfaceOrientationPortrait UIInterfaceOrientationPortraitUpsideDown UIInterfaceOrientationLandscapeLeft UIInterfaceOrientationLandscapeRight";
				INFOPLIST_KEY_UISupportedInterfaceOrientations_iPhone = "UIInterfaceOrientationPortrait UIInterfaceOrientationLandscapeLeft UIInterfaceOrientationLandscapeRight";
				LD_RUNPATH_SEARCH_PATHS = (
					"$(inherited)",
					"@executable_path/Frameworks",
				);
				MARKETING_VERSION = 1.0;
				PRODUCT_BUNDLE_IDENTIFIER = com.halsdraiher.Notepad;
				PRODUCT_NAME = "$(TARGET_NAME)";
				SWIFT_EMIT_LOC_STRINGS = YES;
				SWIFT_VERSION = 5.0;
				TARGETED_DEVICE_FAMILY = "1,2";
			};
			name = Release;
		};
/* End XCBuildConfiguration section */

/* Begin XCConfigurationList section */
		62C59A8329EDC88600BCE47E /* Build configuration list for PBXProject "Notepad" */ = {
			isa = XCConfigurationList;
			buildConfigurations = (
				62C59A9D29EDC88700BCE47E /* Debug */,
				62C59A9E29EDC88700BCE47E /* Release */,
			);
			defaultConfigurationIsVisible = 0;
			defaultConfigurationName = Release;
		};
		62C59A9F29EDC88700BCE47E /* Build configuration list for PBXNativeTarget "Notepad" */ = {
			isa = XCConfigurationList;
			buildConfigurations = (
				62C59AA029EDC88700BCE47E /* Debug */,
				62C59AA129EDC88700BCE47E /* Release */,
			);
			defaultConfigurationIsVisible = 0;
			defaultConfigurationName = Release;
		};
/* End XCConfigurationList section */

/* Begin XCVersionGroup section */
		62C59A9429EDC88700BCE47E /* Notepad.xcdatamodeld */ = {
			isa = XCVersionGroup;
			children = (
				62C59A9529EDC88700BCE47E /* Notepad.xcdatamodel */,
			);
			currentVersion = 62C59A9529EDC88700BCE47E /* Notepad.xcdatamodel */;
			path = Notepad.xcdatamodeld;
			sourceTree = "<group>";
			versionGroupType = wrapper.xcdatamodel;
		};
/* End XCVersionGroup section */
	};
	rootObject = 62C59A8029EDC88600BCE47E /* Project object */;
}
